
Microsoft Visual Studio Solution File, Format Version 12.00
# Visual Studio Version 17
VisualStudioVersion = 17.13.35919.96
MinimumVisualStudioVersion = 10.0.40219.1
Project("{8BC9CEB8-8B4A-11D0-8D11-00A0C91BC942}") = "HelloWorld", "HelloWorld\HelloWorld.vcxproj", "{7D6A731E-6FFC-488B-8503-F22D1DACBB8E}"
EndProject
Project("{8BC9CEB8-8B4A-11D0-8D11-00A0C91BC942}") = "KFox_Data_Types", "KFox_Data_Types\KFox_Data_Types.vcxproj", "{AD26595A-E00E-4FF2-AC6F-1D3E87688C07}"
EndProject
Project("{8BC9CEB8-8B4A-11D0-8D11-00A0C91BC942}") = "KFox_JavaToCPP", "KFox_JavaToCPP\KFox_JavaToCPP.vcxproj", "{F5B817FE-12B5-4682-90DA-D9F48584B88E}"
EndProject
Global
	GlobalSection(SolutionConfigurationPlatforms) = preSolution
		Debug|x64 = Debug|x64
		Debug|x86 = Debug|x86
		Release|x64 = Release|x64
		Release|x86 = Release|x86
	EndGlobalSection
	GlobalSection(ProjectConfigurationPlatforms) = postSolution
		{7D6A731E-6FFC-488B-8503-F22D1DACBB8E}.Debug|x64.ActiveCfg = Debug|x64
		{7D6A731E-6FFC-488B-8503-F22D1DACBB8E}.Debug|x64.Build.0 = Debug|x64
		{7D6A731E-6FFC-488B-8503-F22D1DACBB8E}.Debug|x86.ActiveCfg = Debug|Win32
		{7D6A731E-6FFC-488B-8503-F22D1DACBB8E}.Debug|x86.Build.0 = Debug|Win32
		{7D6A731E-6FFC-488B-8503-F22D1DACBB8E}.Release|x64.ActiveCfg = Release|x64
		{7D6A731E-6FFC-488B-8503-F22D1DACBB8E}.Release|x64.Build.0 = Release|x64
		{7D6A731E-6FFC-488B-8503-F22D1DACBB8E}.Release|x86.ActiveCfg = Release|Win32
		{7D6A731E-6FFC-488B-8503-F22D1DACBB8E}.Release|x86.Build.0 = Release|Win32
		{AD26595A-E00E-4FF2-AC6F-1D3E87688C07}.Debug|x64.ActiveCfg = Debug|x64
		{AD26595A-E00E-4FF2-AC6F-1D3E87688C07}.Debug|x64.Build.0 = Debug|x64
		{AD26595A-E00E-4FF2-AC6F-1D3E87688C07}.Debug|x86.ActiveCfg = Debug|Win32
		{AD26595A-E00E-4FF2-AC6F-1D3E87688C07}.Debug|x86.Build.0 = Debug|Win32
		{AD26595A-E00E-4FF2-AC6F-1D3E87688C07}.Release|x64.ActiveCfg = Release|x64
		{AD26595A-E00E-4FF2-AC6F-1D3E87688C07}.Release|x64.Build.0 = Release|x64
		{AD26595A-E00E-4FF2-AC6F-1D3E87688C07}.Release|x86.ActiveCfg = Release|Win32
		{AD26595A-E00E-4FF2-AC6F-1D3E87688C07}.Release|x86.Build.0 = Release|Win32
		{F5B817FE-12B5-4682-90DA-D9F48584B88E}.Debug|x64.ActiveCfg = Debug|x64
		{F5B817FE-12B5-4682-90DA-D9F48584B88E}.Debug|x64.Build.0 = Debug|x64
		{F5B817FE-12B5-4682-90DA-D9F48584B88E}.Debug|x86.ActiveCfg = Debug|Win32
		{F5B817FE-12B5-4682-90DA-D9F48584B88E}.Debug|x86.Build.0 = Debug|Win32
		{F5B817FE-12B5-4682-90DA-D9F48584B88E}.Release|x64.ActiveCfg = Release|x64
		{F5B817FE-12B5-4682-90DA-D9F48584B88E}.Release|x64.Build.0 = Release|x64
		{F5B817FE-12B5-4682-90DA-D9F48584B88E}.Release|x86.ActiveCfg = Release|Win32
		{F5B817FE-12B5-4682-90DA-D9F48584B88E}.Release|x86.Build.0 = Release|Win32
	EndGlobalSection
	GlobalSection(SolutionProperties) = preSolution
		HideSolutionNode = FALSE
	EndGlobalSection
	GlobalSection(ExtensibilityGlobals) = postSolution
		SolutionGuid = {146A2A32-5C7F-4F3C-A6FB-502A3509ECEB}
	EndGlobalSection
EndGlobal
